
Microsoft Visual Studio Solution File, Format Version 12.00
# Visual Studio 15
VisualStudioVersion = 15.0.28307.168
MinimumVisualStudioVersion = 10.0.40219.1
Project("{FAE04EC0-301F-11D3-BF4B-00C04F79EFBC}") = "AspNetDocker", "AspNetDocker\AspNetDocker.csproj", "{34F3F06A-613D-46CD-B307-1CA414D2E594}"
EndProject
Global
	GlobalSection(SolutionConfigurationPlatforms) = preSolution
		Debug|Any CPU = Debug|Any CPU
		Release|Any CPU = Release|Any CPU
	EndGlobalSection
	GlobalSection(ProjectConfigurationPlatforms) = postSolution
		{34F3F06A-613D-46CD-B307-1CA414D2E594}.Debug|Any CPU.ActiveCfg = Debug|Any CPU
		{34F3F06A-613D-46CD-B307-1CA414D2E594}.Debug|Any CPU.Build.0 = Debug|Any CPU
		{34F3F06A-613D-46CD-B307-1CA414D2E594}.Release|Any CPU.ActiveCfg = Release|Any CPU
		{34F3F06A-613D-46CD-B307-1CA414D2E594}.Release|Any CPU.Build.0 = Release|Any CPU
	EndGlobalSection
	GlobalSection(SolutionProperties) = preSolution
		HideSolutionNode = FALSE
	EndGlobalSection
	GlobalSection(ExtensibilityGlobals) = postSolution
		SolutionGuid = {EB8B6B61-B016-4CAD-A625-61F23BC2A3DA}
	EndGlobalSection
EndGlobal
